// !$*UTF8*$!
{
	archiveVersion = 1;
	classes = {
	};
	objectVersion = 52;
	objects = {

/* Begin PBXBuildFile section */
		03114E0626BE0DAD00A6668E /* CardVGrid.swift in Sources */ = {isa = PBXBuildFile; fileRef = 03114E0526BE0DAD00A6668E /* CardVGrid.swift */; };
		03114E0D26BE114300A6668E /* Diamond.swift in Sources */ = {isa = PBXBuildFile; fileRef = 03114E0C26BE114300A6668E /* Diamond.swift */; };
		03114E0F26BE11E000A6668E /* Squiggle.swift in Sources */ = {isa = PBXBuildFile; fileRef = 03114E0E26BE11E000A6668E /* Squiggle.swift */; };
		03114E1126BE121C00A6668E /* Oval.swift in Sources */ = {isa = PBXBuildFile; fileRef = 03114E1026BE121C00A6668E /* Oval.swift */; };
		03114E1326BE12A100A6668E /* CardView.swift in Sources */ = {isa = PBXBuildFile; fileRef = 03114E1226BE12A100A6668E /* CardView.swift */; };
		03114E1526BE13AF00A6668E /* SetGame.swift in Sources */ = {isa = PBXBuildFile; fileRef = 03114E1426BE13AF00A6668E /* SetGame.swift */; };
		032D6D9326C2F27100902F02 /* Matched.png in Resources */ = {isa = PBXBuildFile; fileRef = 032D6D9026C2F27100902F02 /* Matched.png */; };
		032D6D9426C2F27100902F02 /* Mismatched.png in Resources */ = {isa = PBXBuildFile; fileRef = 032D6D9126C2F27100902F02 /* Mismatched.png */; };
		032D6D9526C2F27100902F02 /* Selected.png in Resources */ = {isa = PBXBuildFile; fileRef = 032D6D9226C2F27100902F02 /* Selected.png */; };
		032F690F26BA22350010A372 /* SetGameView.swift in Sources */ = {isa = PBXBuildFile; fileRef = 032F690E26BA22350010A372 /* SetGameView.swift */; };
		033019C626C1DE3C00874BA3 /* SetGameModel.swift in Sources */ = {isa = PBXBuildFile; fileRef = 033019C526C1DE3C00874BA3 /* SetGameModel.swift */; };
		033019CA26C2281600874BA3 /* Algorithms in Frameworks */ = {isa = PBXBuildFile; productRef = 033019C926C2281600874BA3 /* Algorithms */; };
		03350A5F26AFA62700562721 /* SetApp.swift in Sources */ = {isa = PBXBuildFile; fileRef = 03350A5E26AFA62700562721 /* SetApp.swift */; };
		03350A6326AFA62700562721 /* Assets.xcassets in Resources */ = {isa = PBXBuildFile; fileRef = 03350A6226AFA62700562721 /* Assets.xcassets */; };
		03350A6626AFA62700562721 /* Preview Assets.xcassets in Resources */ = {isa = PBXBuildFile; fileRef = 03350A6526AFA62700562721 /* Preview Assets.xcassets */; };
		03447EA026BF61EC001ED121 /* Striped.swift in Sources */ = {isa = PBXBuildFile; fileRef = 03447E9F26BF61EC001ED121 /* Striped.swift */; };
/* End PBXBuildFile section */

/* Begin PBXFileReference section */
		03114E0526BE0DAD00A6668E /* CardVGrid.swift */ = {isa = PBXFileReference; lastKnownFileType = sourcecode.swift; path = CardVGrid.swift; sourceTree = "<group>"; };
		03114E0C26BE114300A6668E /* Diamond.swift */ = {isa = PBXFileReference; lastKnownFileType = sourcecode.swift; path = Diamond.swift; sourceTree = "<group>"; };
		03114E0E26BE11E000A6668E /* Squiggle.swift */ = {isa = PBXFileReference; lastKnownFileType = sourcecode.swift; path = Squiggle.swift; sourceTree = "<group>"; };
		03114E1026BE121C00A6668E /* Oval.swift */ = {isa = PBXFileReference; lastKnownFileType = sourcecode.swift; path = Oval.swift; sourceTree = "<group>"; };
		03114E1226BE12A100A6668E /* CardView.swift */ = {isa = PBXFileReference; lastKnownFileType = sourcecode.swift; path = CardView.swift; sourceTree = "<group>"; };
		03114E1426BE13AF00A6668E /* SetGame.swift */ = {isa = PBXFileReference; lastKnownFileType = sourcecode.swift; path = SetGame.swift; sourceTree = "<group>"; };
		032D6D9026C2F27100902F02 /* Matched.png */ = {isa = PBXFileReference; lastKnownFileType = image.png; path = Matched.png; sourceTree = "<group>"; };
		032D6D9126C2F27100902F02 /* Mismatched.png */ = {isa = PBXFileReference; lastKnownFileType = image.png; path = Mismatched.png; sourceTree = "<group>"; };
		032D6D9226C2F27100902F02 /* Selected.png */ = {isa = PBXFileReference; lastKnownFileType = image.png; path = Selected.png; sourceTree = "<group>"; };
		032F690E26BA22350010A372 /* SetGameView.swift */ = {isa = PBXFileReference; lastKnownFileType = sourcecode.swift; path = SetGameView.swift; sourceTree = "<group>"; };
		033019C526C1DE3C00874BA3 /* SetGameModel.swift */ = {isa = PBXFileReference; lastKnownFileType = sourcecode.swift; path = SetGameModel.swift; sourceTree = "<group>"; };
		03350A5B26AFA62700562721 /* Set.app */ = {isa = PBXFileReference; explicitFileType = wrapper.application; includeInIndex = 0; path = Set.app; sourceTree = BUILT_PRODUCTS_DIR; };
		03350A5E26AFA62700562721 /* SetApp.swift */ = {isa = PBXFileReference; lastKnownFileType = sourcecode.swift; path = SetApp.swift; sourceTree = "<group>"; };
		03350A6226AFA62700562721 /* Assets.xcassets */ = {isa = PBXFileReference; lastKnownFileType = folder.assetcatalog; path = Assets.xcassets; sourceTree = "<group>"; };
		03350A6526AFA62700562721 /* Preview Assets.xcassets */ = {isa = PBXFileReference; lastKnownFileType = folder.assetcatalog; path = "Preview Assets.xcassets"; sourceTree = "<group>"; };
		03350A6726AFA62700562721 /* Info.plist */ = {isa = PBXFileReference; lastKnownFileType = text.plist.xml; path = Info.plist; sourceTree = "<group>"; };
		03447E9F26BF61EC001ED121 /* Striped.swift */ = {isa = PBXFileReference; lastKnownFileType = sourcecode.swift; path = Striped.swift; sourceTree = "<group>"; };
/* End PBXFileReference section */

/* Begin PBXFrameworksBuildPhase section */
		03350A5826AFA62700562721 /* Frameworks */ = {
			isa = PBXFrameworksBuildPhase;
			buildActionMask = 2147483647;
			files = (
				033019CA26C2281600874BA3 /* Algorithms in Frameworks */,
			);
			runOnlyForDeploymentPostprocessing = 0;
		};
/* End PBXFrameworksBuildPhase section */

/* Begin PBXGroup section */
		03114E1826BE161600A6668E /* Shapes */ = {
			isa = PBXGroup;
			children = (
				03114E0C26BE114300A6668E /* Diamond.swift */,
				03114E1026BE121C00A6668E /* Oval.swift */,
				03114E0E26BE11E000A6668E /* Squiggle.swift */,
				03447E9F26BF61EC001ED121 /* Striped.swift */,
			);
			path = Shapes;
			sourceTree = "<group>";
		};
		03114E1926BE167800A6668E /* Views */ = {
			isa = PBXGroup;
			children = (
				032F690E26BA22350010A372 /* SetGameView.swift */,
				03114E1226BE12A100A6668E /* CardView.swift */,
				03114E1826BE161600A6668E /* Shapes */,
				03114E1A26BE168F00A6668E /* Helpers */,
			);
			path = Views;
			sourceTree = "<group>";
		};
		03114E1A26BE168F00A6668E /* Helpers */ = {
			isa = PBXGroup;
			children = (
				03114E0526BE0DAD00A6668E /* CardVGrid.swift */,
			);
			path = Helpers;
			sourceTree = "<group>";
		};
		03114E1B26BE16A600A6668E /* Models */ = {
			isa = PBXGroup;
			children = (
				033019C526C1DE3C00874BA3 /* SetGameModel.swift */,
			);
			path = Models;
			sourceTree = "<group>";
		};
		03114E1C26BE16BF00A6668E /* ViewModels */ = {
			isa = PBXGroup;
			children = (
				03114E1426BE13AF00A6668E /* SetGame.swift */,
			);
			path = ViewModels;
			sourceTree = "<group>";
		};
		032D6D8926C2F21600902F02 /* Screenshots */ = {
			isa = PBXGroup;
			children = (
				032D6D9026C2F27100902F02 /* Matched.png */,
				032D6D9126C2F27100902F02 /* Mismatched.png */,
				032D6D9226C2F27100902F02 /* Selected.png */,
			);
			path = Screenshots;
			sourceTree = "<group>";
		};
		03350A5226AFA62700562721 = {
			isa = PBXGroup;
			children = (
				03350A5D26AFA62700562721 /* Set */,
				032D6D8926C2F21600902F02 /* Screenshots */,
				03350A5C26AFA62700562721 /* Products */,
			);
			sourceTree = "<group>";
		};
		03350A5C26AFA62700562721 /* Products */ = {
			isa = PBXGroup;
			children = (
				03350A5B26AFA62700562721 /* Set.app */,
			);
			name = Products;
			sourceTree = "<group>";
		};
		03350A5D26AFA62700562721 /* Set */ = {
			isa = PBXGroup;
			children = (
				03350A5E26AFA62700562721 /* SetApp.swift */,
				03114E1926BE167800A6668E /* Views */,
				03114E1C26BE16BF00A6668E /* ViewModels */,
				03114E1B26BE16A600A6668E /* Models */,
				03350A6226AFA62700562721 /* Assets.xcassets */,
				03350A6726AFA62700562721 /* Info.plist */,
				03350A6426AFA62700562721 /* Preview Content */,
			);
			path = Set;
			sourceTree = "<group>";
		};
		03350A6426AFA62700562721 /* Preview Content */ = {
			isa = PBXGroup;
			children = (
				03350A6526AFA62700562721 /* Preview Assets.xcassets */,
			);
			path = "Preview Content";
			sourceTree = "<group>";
		};
/* End PBXGroup section */

/* Begin PBXNativeTarget section */
		03350A5A26AFA62700562721 /* Set */ = {
			isa = PBXNativeTarget;
			buildConfigurationList = 03350A6A26AFA62700562721 /* Build configuration list for PBXNativeTarget "Set" */;
			buildPhases = (
				03350A5726AFA62700562721 /* Sources */,
				03350A5826AFA62700562721 /* Frameworks */,
				03350A5926AFA62700562721 /* Resources */,
			);
			buildRules = (
			);
			dependencies = (
			);
			name = Set;
			packageProductDependencies = (
				033019C926C2281600874BA3 /* Algorithms */,
			);
			productName = Set;
			productReference = 03350A5B26AFA62700562721 /* Set.app */;
			productType = "com.apple.product-type.application";
		};
/* End PBXNativeTarget section */

/* Begin PBXProject section */
		03350A5326AFA62700562721 /* Project object */ = {
			isa = PBXProject;
			attributes = {
				LastSwiftUpdateCheck = 1250;
				LastUpgradeCheck = 1250;
				TargetAttributes = {
					03350A5A26AFA62700562721 = {
						CreatedOnToolsVersion = 12.5.1;
					};
				};
			};
			buildConfigurationList = 03350A5626AFA62700562721 /* Build configuration list for PBXProject "Set" */;
			compatibilityVersion = "Xcode 9.3";
			developmentRegion = en;
			hasScannedForEncodings = 0;
			knownRegions = (
				en,
				Base,
			);
			mainGroup = 03350A5226AFA62700562721;
			packageReferences = (
				033019C826C2281600874BA3 /* XCRemoteSwiftPackageReference "swift-algorithms" */,
			);
			productRefGroup = 03350A5C26AFA62700562721 /* Products */;
			projectDirPath = "";
			projectRoot = "";
			targets = (
				03350A5A26AFA62700562721 /* Set */,
			);
		};
/* End PBXProject section */

/* Begin PBXResourcesBuildPhase section */
		03350A5926AFA62700562721 /* Resources */ = {
			isa = PBXResourcesBuildPhase;
			buildActionMask = 2147483647;
			files = (
				032D6D9426C2F27100902F02 /* Mismatched.png in Resources */,
				03350A6626AFA62700562721 /* Preview Assets.xcassets in Resources */,
				03350A6326AFA62700562721 /* Assets.xcassets in Resources */,
				032D6D9526C2F27100902F02 /* Selected.png in Resources */,
				032D6D9326C2F27100902F02 /* Matched.png in Resources */,
			);
			runOnlyForDeploymentPostprocessing = 0;
		};
/* End PBXResourcesBuildPhase section */

/* Begin PBXSourcesBuildPhase section */
		03350A5726AFA62700562721 /* Sources */ = {
			isa = PBXSourcesBuildPhase;
			buildActionMask = 2147483647;
			files = (
				03114E1126BE121C00A6668E /* Oval.swift in Sources */,
				03447EA026BF61EC001ED121 /* Striped.swift in Sources */,
				03350A5F26AFA62700562721 /* SetApp.swift in Sources */,
				032F690F26BA22350010A372 /* SetGameView.swift in Sources */,
				03114E1526BE13AF00A6668E /* SetGame.swift in Sources */,
				033019C626C1DE3C00874BA3 /* SetGameModel.swift in Sources */,
				03114E1326BE12A100A6668E /* CardView.swift in Sources */,
				03114E0626BE0DAD00A6668E /* CardVGrid.swift in Sources */,
				03114E0D26BE114300A6668E /* Diamond.swift in Sources */,
				03114E0F26BE11E000A6668E /* Squiggle.swift in Sources */,
			);
			runOnlyForDeploymentPostprocessing = 0;
		};
/* End PBXSourcesBuildPhase section */

/* Begin XCBuildConfiguration section */
		03350A6826AFA62700562721 /* Debug */ = {
			isa = XCBuildConfiguration;
			buildSettings = {
				ALWAYS_SEARCH_USER_PATHS = NO;
				CLANG_ANALYZER_NONNULL = YES;
				CLANG_ANALYZER_NUMBER_OBJECT_CONVERSION = YES_AGGRESSIVE;
				CLANG_CXX_LANGUAGE_STANDARD = "gnu++14";
				CLANG_CXX_LIBRARY = "libc++";
				CLANG_ENABLE_MODULES = YES;
				CLANG_ENABLE_OBJC_ARC = YES;
				CLANG_ENABLE_OBJC_WEAK = YES;
				CLANG_WARN_BLOCK_CAPTURE_AUTORELEASING = YES;
				CLANG_WARN_BOOL_CONVERSION = YES;
				CLANG_WARN_COMMA = YES;
				CLANG_WARN_CONSTANT_CONVERSION = YES;
				CLANG_WARN_DEPRECATED_OBJC_IMPLEMENTATIONS = YES;
				CLANG_WARN_DIRECT_OBJC_ISA_USAGE = YES_ERROR;
				CLANG_WARN_DOCUMENTATION_COMMENTS = YES;
				CLANG_WARN_EMPTY_BODY = YES;
				CLANG_WARN_ENUM_CONVERSION = YES;
				CLANG_WARN_INFINITE_RECURSION = YES;
				CLANG_WARN_INT_CONVERSION = YES;
				CLANG_WARN_NON_LITERAL_NULL_CONVERSION = YES;
				CLANG_WARN_OBJC_IMPLICIT_RETAIN_SELF = YES;
				CLANG_WARN_OBJC_LITERAL_CONVERSION = YES;
				CLANG_WARN_OBJC_ROOT_CLASS = YES_ERROR;
				CLANG_WARN_QUOTED_INCLUDE_IN_FRAMEWORK_HEADER = YES;
				CLANG_WARN_RANGE_LOOP_ANALYSIS = YES;
				CLANG_WARN_STRICT_PROTOTYPES = YES;
				CLANG_WARN_SUSPICIOUS_MOVE = YES;
				CLANG_WARN_UNGUARDED_AVAILABILITY = YES_AGGRESSIVE;
				CLANG_WARN_UNREACHABLE_CODE = YES;
				CLANG_WARN__DUPLICATE_METHOD_MATCH = YES;
				COPY_PHASE_STRIP = NO;
				DEBUG_INFORMATION_FORMAT = dwarf;
				ENABLE_STRICT_OBJC_MSGSEND = YES;
				ENABLE_TESTABILITY = YES;
				GCC_C_LANGUAGE_STANDARD = gnu11;
				GCC_DYNAMIC_NO_PIC = NO;
				GCC_NO_COMMON_BLOCKS = YES;
				GCC_OPTIMIZATION_LEVEL = 0;
				GCC_PREPROCESSOR_DEFINITIONS = (
					"DEBUG=1",
					"$(inherited)",
				);
				GCC_WARN_64_TO_32_BIT_CONVERSION = YES;
				GCC_WARN_ABOUT_RETURN_TYPE = YES_ERROR;
				GCC_WARN_UNDECLARED_SELECTOR = YES;
				GCC_WARN_UNINITIALIZED_AUTOS = YES_AGGRESSIVE;
				GCC_WARN_UNUSED_FUNCTION = YES;
				GCC_WARN_UNUSED_VARIABLE = YES;
				IPHONEOS_DEPLOYMENT_TARGET = 14.5;
				MTL_ENABLE_DEBUG_INFO = INCLUDE_SOURCE;
				MTL_FAST_MATH = YES;
				ONLY_ACTIVE_ARCH = YES;
				SDKROOT = iphoneos;
				SWIFT_ACTIVE_COMPILATION_CONDITIONS = DEBUG;
				SWIFT_OPTIMIZATION_LEVEL = "-Onone";
			};
			name = Debug;
		};
		03350A6926AFA62700562721 /* Release */ = {
			isa = XCBuildConfiguration;
			buildSettings = {
				ALWAYS_SEARCH_USER_PATHS = NO;
				CLANG_ANALYZER_NONNULL = YES;
				CLANG_ANALYZER_NUMBER_OBJECT_CONVERSION = YES_AGGRESSIVE;
				CLANG_CXX_LANGUAGE_STANDARD = "gnu++14";
				CLANG_CXX_LIBRARY = "libc++";
				CLANG_ENABLE_MODULES = YES;
				CLANG_ENABLE_OBJC_ARC = YES;
				CLANG_ENABLE_OBJC_WEAK = YES;
				CLANG_WARN_BLOCK_CAPTURE_AUTORELEASING = YES;
				CLANG_WARN_BOOL_CONVERSION = YES;
				CLANG_WARN_COMMA = YES;
				CLANG_WARN_CONSTANT_CONVERSION = YES;
				CLANG_WARN_DEPRECATED_OBJC_IMPLEMENTATIONS = YES;
				CLANG_WARN_DIRECT_OBJC_ISA_USAGE = YES_ERROR;
				CLANG_WARN_DOCUMENTATION_COMMENTS = YES;
				CLANG_WARN_EMPTY_BODY = YES;
				CLANG_WARN_ENUM_CONVERSION = YES;
				CLANG_WARN_INFINITE_RECURSION = YES;
				CLANG_WARN_INT_CONVERSION = YES;
				CLANG_WARN_NON_LITERAL_NULL_CONVERSION = YES;
				CLANG_WARN_OBJC_IMPLICIT_RETAIN_SELF = YES;
				CLANG_WARN_OBJC_LITERAL_CONVERSION = YES;
				CLANG_WARN_OBJC_ROOT_CLASS = YES_ERROR;
				CLANG_WARN_QUOTED_INCLUDE_IN_FRAMEWORK_HEADER = YES;
				CLANG_WARN_RANGE_LOOP_ANALYSIS = YES;
				CLANG_WARN_STRICT_PROTOTYPES = YES;
				CLANG_WARN_SUSPICIOUS_MOVE = YES;
				CLANG_WARN_UNGUARDED_AVAILABILITY = YES_AGGRESSIVE;
				CLANG_WARN_UNREACHABLE_CODE = YES;
				CLANG_WARN__DUPLICATE_METHOD_MATCH = YES;
				COPY_PHASE_STRIP = NO;
				DEBUG_INFORMATION_FORMAT = "dwarf-with-dsym";
				ENABLE_NS_ASSERTIONS = NO;
				ENABLE_STRICT_OBJC_MSGSEND = YES;
				GCC_C_LANGUAGE_STANDARD = gnu11;
				GCC_NO_COMMON_BLOCKS = YES;
				GCC_WARN_64_TO_32_BIT_CONVERSION = YES;
				GCC_WARN_ABOUT_RETURN_TYPE = YES_ERROR;
				GCC_WARN_UNDECLARED_SELECTOR = YES;
				GCC_WARN_UNINITIALIZED_AUTOS = YES_AGGRESSIVE;
				GCC_WARN_UNUSED_FUNCTION = YES;
				GCC_WARN_UNUSED_VARIABLE = YES;
				IPHONEOS_DEPLOYMENT_TARGET = 14.5;
				MTL_ENABLE_DEBUG_INFO = NO;
				MTL_FAST_MATH = YES;
				SDKROOT = iphoneos;
				SWIFT_COMPILATION_MODE = wholemodule;
				SWIFT_OPTIMIZATION_LEVEL = "-O";
				VALIDATE_PRODUCT = YES;
			};
			name = Release;
		};
		03350A6B26AFA62700562721 /* Debug */ = {
			isa = XCBuildConfiguration;
			buildSettings = {
				ASSETCATALOG_COMPILER_APPICON_NAME = AppIcon;
				ASSETCATALOG_COMPILER_GLOBAL_ACCENT_COLOR_NAME = AccentColor;
				CODE_SIGN_STYLE = Automatic;
				DEVELOPMENT_ASSET_PATHS = "\"Set/Preview Content\"";
				DEVELOPMENT_TEAM = H69MGN843M;
				ENABLE_PREVIEWS = YES;
				INFOPLIST_FILE = Set/Info.plist;
				IPHONEOS_DEPLOYMENT_TARGET = 14.0;
				LD_RUNPATH_SEARCH_PATHS = (
					"$(inherited)",
					"@executable_path/Frameworks",
				);
				PRODUCT_BUNDLE_IDENTIFIER = com.ihsantopaloglu.Set;
				PRODUCT_NAME = "$(TARGET_NAME)";
				SWIFT_VERSION = 5.0;
				TARGETED_DEVICE_FAMILY = 1;
			};
			name = Debug;
		};
		03350A6C26AFA62700562721 /* Release */ = {
			isa = XCBuildConfiguration;
			buildSettings = {
				ASSETCATALOG_COMPILER_APPICON_NAME = AppIcon;
				ASSETCATALOG_COMPILER_GLOBAL_ACCENT_COLOR_NAME = AccentColor;
				CODE_SIGN_STYLE = Automatic;
				DEVELOPMENT_ASSET_PATHS = "\"Set/Preview Content\"";
				DEVELOPMENT_TEAM = H69MGN843M;
				ENABLE_PREVIEWS = YES;
				INFOPLIST_FILE = Set/Info.plist;
				IPHONEOS_DEPLOYMENT_TARGET = 14.0;
				LD_RUNPATH_SEARCH_PATHS = (
					"$(inherited)",
					"@executable_path/Frameworks",
				);
				PRODUCT_BUNDLE_IDENTIFIER = com.ihsantopaloglu.Set;
				PRODUCT_NAME = "$(TARGET_NAME)";
				SWIFT_VERSION = 5.0;
				TARGETED_DEVICE_FAMILY = 1;
			};
			name = Release;
		};
/* End XCBuildConfiguration section */

/* Begin XCConfigurationList section */
		03350A5626AFA62700562721 /* Build configuration list for PBXProject "Set" */ = {
			isa = XCConfigurationList;
			buildConfigurations = (
				03350A6826AFA62700562721 /* Debug */,
				03350A6926AFA62700562721 /* Release */,
			);
			defaultConfigurationIsVisible = 0;
			defaultConfigurationName = Release;
		};
		03350A6A26AFA62700562721 /* Build configuration list for PBXNativeTarget "Set" */ = {
			isa = XCConfigurationList;
			buildConfigurations = (
				03350A6B26AFA62700562721 /* Debug */,
				03350A6C26AFA62700562721 /* Release */,
			);
			defaultConfigurationIsVisible = 0;
			defaultConfigurationName = Release;
		};
/* End XCConfigurationList section */

/* Begin XCRemoteSwiftPackageReference section */
		033019C826C2281600874BA3 /* XCRemoteSwiftPackageReference "swift-algorithms" */ = {
			isa = XCRemoteSwiftPackageReference;
			repositoryURL = "https://github.com/apple/swift-algorithms";
			requirement = {
				kind = upToNextMajorVersion;
				minimumVersion = 0.2.1;
			};
		};
/* End XCRemoteSwiftPackageReference section */

/* Begin XCSwiftPackageProductDependency section */
		033019C926C2281600874BA3 /* Algorithms */ = {
			isa = XCSwiftPackageProductDependency;
			package = 033019C826C2281600874BA3 /* XCRemoteSwiftPackageReference "swift-algorithms" */;
			productName = Algorithms;
		};
/* End XCSwiftPackageProductDependency section */
	};
	rootObject = 03350A5326AFA62700562721 /* Project object */;
}
